[{<<"elli">>,
  {git,"https://github.com/elli-lib/elli.git",
       {ref,"c874c42b5d5c1fb7477bc1655134d1de9cbe0223"}},
  0},
 {<<"ncalendar">>,
  {git,"https://github.com/nomasystems/ncalendar.git",
       {ref,"3a36a9cfe85da197f5032ce9e4c0a4a4dea9e38e"}},
  1},
 {<<"ndto">>,
  {git,"https://github.com/nomasystems/ndto.git",
       {ref,"e67f44ac541470ddd650677acc50596060b55301"}},
  0}].
