[{<<"elli">>,
  {git,"https://github.com/elli-lib/elli.git",
       {ref,"3ec352293ef493c142767127f4113c85541c32cc"}},
  0},
 {<<"ncalendar">>,
  {git,"https://github.com/nomasystems/ncalendar.git",
       {ref,"aa5615f6723585e45e82fa5524cb976cdfe3d7f7"}},
  1},
 {<<"ndto">>,
  {git,"https://github.com/nomasystems/ndto.git",
       {ref,"295281b72ea4ac85e7c4d5ca42337c68b1aac137"}},
  0},
 {<<"njson">>,
  {git,"https://github.com/nomasystems/njson.git",
       {ref,"94c586b92a7e24c403089cdbe2994b7e7c87b9cc"}},
  0}].
