[{<<"elli">>,
  {git,"git@github.com:elli-lib/elli.git",
       {ref,"3ec352293ef493c142767127f4113c85541c32cc"}},
  0},
 {<<"ncalendar">>,
  {git,"git@github.com:nomasystems/ncalendar.git",
       {ref,"5a85b4a879305e7656cc96b04131189dc9f2e612"}},
  1},
 {<<"ndto">>,
  {git,"git@github.com:nomasystems/ndto.git",
       {ref,"37191df3f650e305c60409b4c208d2e79eee49a8"}},
  0},
 {<<"njson">>,
  {git,"git@github.com:nomasystems/njson.git",
       {ref,"157c01687c5fe5fac444b79b35b38d648bceaab7"}},
  0}].
